
Microsoft Visual Studio Solution File, Format Version 12.00
# Visual Studio Version 16
VisualStudioVersion = 16.0.31729.503
MinimumVisualStudioVersion = 10.0.40219.1
Project("{FAE04EC0-301F-11D3-BF4B-00C04F79EFBC}") = "INTERNET CAFE", "INTERNET CAFE\INTERNET CAFE.csproj", "{12CFB740-743D-4317-B151-3DF39AFC6440}"
EndProject
Global
	GlobalSection(SolutionConfigurationPlatforms) = preSolution
		Debug|Any CPU = Debug|Any CPU
		Release|Any CPU = Release|Any CPU
	EndGlobalSection
	GlobalSection(ProjectConfigurationPlatforms) = postSolution
		{12CFB740-743D-4317-B151-3DF39AFC6440}.Debug|Any CPU.ActiveCfg = Debug|Any CPU
		{12CFB740-743D-4317-B151-3DF39AFC6440}.Debug|Any CPU.Build.0 = Debug|Any CPU
		{12CFB740-743D-4317-B151-3DF39AFC6440}.Release|Any CPU.ActiveCfg = Release|Any CPU
		{12CFB740-743D-4317-B151-3DF39AFC6440}.Release|Any CPU.Build.0 = Release|Any CPU
	EndGlobalSection
	GlobalSection(SolutionProperties) = preSolution
		HideSolutionNode = FALSE
	EndGlobalSection
	GlobalSection(ExtensibilityGlobals) = postSolution
		SolutionGuid = {943809FA-DD60-44BE-89D4-01EE3AE06A00}
	EndGlobalSection
EndGlobal
